{
  "name": "Prog8HandRecognition",
  "lockfileVersion": 3,
  "requires": true,
  "packages": {
    "": {
      "dependencies": {
        "@mediapipe/tasks-vision": "^0.10.12"
      }
    },
    "node_modules/@mediapipe/tasks-vision": {
      "version": "0.10.12",
      "resolved": "https://registry.npmjs.org/@mediapipe/tasks-vision/-/tasks-vision-0.10.12.tgz",
      "integrity": "sha512-688Vukid7hvGmx+7hzS/EQ3Q4diz4eeX4/FYDw8f/t56UjFueD8LTvA2rX5BCIwvT0oy8QHKh5uKIyct1AOFtQ=="
    }
  }
}
